
Microsoft Visual Studio Solution File, Format Version 12.00
# Visual Studio 15
VisualStudioVersion = 15.0.26730.12
MinimumVisualStudioVersion = 10.0.40219.1
Project("{FAE04EC0-301F-11D3-BF4B-00C04F79EFBC}") = "TowerDefense", "TowerDefense\TowerDefense.csproj", "{49FC142A-9ECD-4949-9643-989B4E3605B4}"
EndProject
Global
	GlobalSection(SolutionConfigurationPlatforms) = preSolution
		Debug|Any CPU = Debug|Any CPU
		Release|Any CPU = Release|Any CPU
	EndGlobalSection
	GlobalSection(ProjectConfigurationPlatforms) = postSolution
		{49FC142A-9ECD-4949-9643-989B4E3605B4}.Debug|Any CPU.ActiveCfg = Debug|Any CPU
		{49FC142A-9ECD-4949-9643-989B4E3605B4}.Debug|Any CPU.Build.0 = Debug|Any CPU
		{49FC142A-9ECD-4949-9643-989B4E3605B4}.Release|Any CPU.ActiveCfg = Release|Any CPU
		{49FC142A-9ECD-4949-9643-989B4E3605B4}.Release|Any CPU.Build.0 = Release|Any CPU
	EndGlobalSection
	GlobalSection(SolutionProperties) = preSolution
		HideSolutionNode = FALSE
	EndGlobalSection
	GlobalSection(ExtensibilityGlobals) = postSolution
		SolutionGuid = {FADCB192-C5BC-42F8-BC77-9294BEC8C8BC}
	EndGlobalSection
EndGlobal
